
Microsoft Visual Studio Solution File, Format Version 12.00
# Visual Studio Version 16
VisualStudioVersion = 16.0.30320.27
MinimumVisualStudioVersion = 10.0.40219.1
Project("{9A19103F-16F7-4668-BE54-9A1E7A4F7556}") = "ReversePolishNotation", "ReversePolishNotation\ReversePolishNotation.csproj", "{3F194990-1748-4467-B07C-45D38E2CE4F7}"
EndProject
Project("{9A19103F-16F7-4668-BE54-9A1E7A4F7556}") = "HackerrankStacksQueues", "HackerrankStacksQueues\HackerrankStacksQueues.csproj", "{25FB6374-D382-49DA-823E-BCBFE3F4A5C9}"
EndProject
Project("{FAE04EC0-301F-11D3-BF4B-00C04F79EFBC}") = "MCTS", "MCTS\MCTS.csproj", "{461D4483-0F39-4686-A795-5202D2008062}"
EndProject
Project("{888888A0-9F3D-457C-B088-3A5042F75D52}") = "N Puzzle Python", "N Puzzle Python\N Puzzle Python.pyproj", "{259AC60F-0F8B-4AE7-B2C0-747CF08A59F5}"
EndProject
Global
	GlobalSection(SolutionConfigurationPlatforms) = preSolution
		Debug|Any CPU = Debug|Any CPU
		Release|Any CPU = Release|Any CPU
	EndGlobalSection
	GlobalSection(ProjectConfigurationPlatforms) = postSolution
		{3F194990-1748-4467-B07C-45D38E2CE4F7}.Debug|Any CPU.ActiveCfg = Debug|Any CPU
		{3F194990-1748-4467-B07C-45D38E2CE4F7}.Debug|Any CPU.Build.0 = Debug|Any CPU
		{3F194990-1748-4467-B07C-45D38E2CE4F7}.Release|Any CPU.ActiveCfg = Release|Any CPU
		{3F194990-1748-4467-B07C-45D38E2CE4F7}.Release|Any CPU.Build.0 = Release|Any CPU
		{25FB6374-D382-49DA-823E-BCBFE3F4A5C9}.Debug|Any CPU.ActiveCfg = Debug|Any CPU
		{25FB6374-D382-49DA-823E-BCBFE3F4A5C9}.Debug|Any CPU.Build.0 = Debug|Any CPU
		{25FB6374-D382-49DA-823E-BCBFE3F4A5C9}.Release|Any CPU.ActiveCfg = Release|Any CPU
		{25FB6374-D382-49DA-823E-BCBFE3F4A5C9}.Release|Any CPU.Build.0 = Release|Any CPU
		{461D4483-0F39-4686-A795-5202D2008062}.Debug|Any CPU.ActiveCfg = Debug|Any CPU
		{461D4483-0F39-4686-A795-5202D2008062}.Debug|Any CPU.Build.0 = Debug|Any CPU
		{461D4483-0F39-4686-A795-5202D2008062}.Release|Any CPU.ActiveCfg = Release|Any CPU
		{461D4483-0F39-4686-A795-5202D2008062}.Release|Any CPU.Build.0 = Release|Any CPU
		{259AC60F-0F8B-4AE7-B2C0-747CF08A59F5}.Debug|Any CPU.ActiveCfg = Debug|Any CPU
		{259AC60F-0F8B-4AE7-B2C0-747CF08A59F5}.Release|Any CPU.ActiveCfg = Release|Any CPU
	EndGlobalSection
	GlobalSection(SolutionProperties) = preSolution
		HideSolutionNode = FALSE
	EndGlobalSection
	GlobalSection(ExtensibilityGlobals) = postSolution
		SolutionGuid = {A16FC6EB-5C27-449F-A32C-20A4D2231EB8}
	EndGlobalSection
EndGlobal
