# THIS IS AN AUTOGENERATED FILE. DO NOT EDIT THIS FILE DIRECTLY.
# yarn lockfile v1


marked@^16.0.0:
  version "16.0.0"
  resolved "https://registry.yarnpkg.com/marked/-/marked-16.0.0.tgz#0c48e79782f26224f8ce34878644d8c320ad599f"
  integrity sha512-MUKMXDjsD/eptB7GPzxo4xcnLS6oo7/RHimUMHEDRhUooPwmN9BEpMl7AEOJv3bmso169wHI2wUF9VQgL7zfmA==
