
Microsoft Visual Studio Solution File, Format Version 11.00
# Visual Studio 2010
Project("{FAE04EC0-301F-11D3-BF4B-00C04F79EFBC}") = "PhotonUnityNetworking.Demos", "PhotonUnityNetworking.Demos.csproj", "{7a8e6953-6529-7979-309d-36a978cb986a}"
EndProject
Project("{FAE04EC0-301F-11D3-BF4B-00C04F79EFBC}") = "PhotonUnityNetworking.Utilities", "PhotonUnityNetworking.Utilities.csproj", "{2248f353-20c1-bb80-2209-0a8a3f6a61e9}"
EndProject
Project("{FAE04EC0-301F-11D3-BF4B-00C04F79EFBC}") = "Assembly-CSharp", "Assembly-CSharp.csproj", "{d63078cc-2264-d2c5-ca03-e286e454d4f6}"
EndProject
Project("{FAE04EC0-301F-11D3-BF4B-00C04F79EFBC}") = "BitpackersASMDEF", "BitpackersASMDEF.csproj", "{798e1f1b-d04f-df3c-a02e-99d2e3122d7e}"
EndProject
Project("{FAE04EC0-301F-11D3-BF4B-00C04F79EFBC}") = "EmoCompressUtilsASMDEF", "EmoCompressUtilsASMDEF.csproj", "{ecec25c0-8673-6038-2b67-c5f94432dddc}"
EndProject
Project("{FAE04EC0-301F-11D3-BF4B-00C04F79EFBC}") = "PhotonChat", "PhotonChat.csproj", "{4998b9d3-efb4-62e0-81d2-91c48d8cb93d}"
EndProject
Project("{FAE04EC0-301F-11D3-BF4B-00C04F79EFBC}") = "PhotonUnityNetworking", "PhotonUnityNetworking.csproj", "{94079714-9fd1-1571-64cc-f0a7239e2b0c}"
EndProject
Project("{FAE04EC0-301F-11D3-BF4B-00C04F79EFBC}") = "PhotonRealtime", "PhotonRealtime.csproj", "{a9c08697-a39e-ef5a-a97a-131b5dc9875f}"
EndProject
Project("{FAE04EC0-301F-11D3-BF4B-00C04F79EFBC}") = "HalfFloatASMDEF", "HalfFloatASMDEF.csproj", "{796060f0-7538-c0d8-d47d-c996b5e3b6d3}"
EndProject
Project("{FAE04EC0-301F-11D3-BF4B-00C04F79EFBC}") = "PhotonUnityNetworking.Editor", "PhotonUnityNetworking.Editor.csproj", "{8e92bdd8-11b4-b696-92a8-c6e9729baa9c}"
EndProject
Project("{FAE04EC0-301F-11D3-BF4B-00C04F79EFBC}") = "PunDemos.DemoHubEditor", "PunDemos.DemoHubEditor.csproj", "{82e613b5-c954-6557-0538-618ac132aad2}"
EndProject
Project("{FAE04EC0-301F-11D3-BF4B-00C04F79EFBC}") = "PhotonUnityNetworking.Utilities.PhotonPlayer.Editor", "PhotonUnityNetworking.Utilities.PhotonPlayer.Editor.csproj", "{db52b6d2-8b4e-9ef7-383f-a57a96f4d7ea}"
EndProject
Project("{FAE04EC0-301F-11D3-BF4B-00C04F79EFBC}") = "PhotonUnityNetworking.Utilities.Culling.Editor", "PhotonUnityNetworking.Utilities.Culling.Editor.csproj", "{f8c1e37c-4fc8-ea6e-15b6-a5a831b5b748}"
EndProject
Project("{FAE04EC0-301F-11D3-BF4B-00C04F79EFBC}") = "Assembly-CSharp-Editor", "Assembly-CSharp-Editor.csproj", "{26fdf29d-6f0d-b057-3857-af0bf655ed3b}"
EndProject
Project("{FAE04EC0-301F-11D3-BF4B-00C04F79EFBC}") = "PunDemos.DemoSlotcarEditor", "PunDemos.DemoSlotcarEditor.csproj", "{9b7152d8-cdb5-3e5e-4763-e403451d79f9}"
EndProject
Global
	GlobalSection(SolutionConfigurationPlatforms) = preSolution
		Debug|Any CPU = Debug|Any CPU
	EndGlobalSection
	GlobalSection(ProjectConfigurationPlatforms) = postSolution
		{7a8e6953-6529-7979-309d-36a978cb986a}.Debug|Any CPU.ActiveCfg = Debug|Any CPU
		{7a8e6953-6529-7979-309d-36a978cb986a}.Debug|Any CPU.Build.0 = Debug|Any CPU
		{2248f353-20c1-bb80-2209-0a8a3f6a61e9}.Debug|Any CPU.ActiveCfg = Debug|Any CPU
		{2248f353-20c1-bb80-2209-0a8a3f6a61e9}.Debug|Any CPU.Build.0 = Debug|Any CPU
		{d63078cc-2264-d2c5-ca03-e286e454d4f6}.Debug|Any CPU.ActiveCfg = Debug|Any CPU
		{d63078cc-2264-d2c5-ca03-e286e454d4f6}.Debug|Any CPU.Build.0 = Debug|Any CPU
		{798e1f1b-d04f-df3c-a02e-99d2e3122d7e}.Debug|Any CPU.ActiveCfg = Debug|Any CPU
		{798e1f1b-d04f-df3c-a02e-99d2e3122d7e}.Debug|Any CPU.Build.0 = Debug|Any CPU
		{ecec25c0-8673-6038-2b67-c5f94432dddc}.Debug|Any CPU.ActiveCfg = Debug|Any CPU
		{ecec25c0-8673-6038-2b67-c5f94432dddc}.Debug|Any CPU.Build.0 = Debug|Any CPU
		{4998b9d3-efb4-62e0-81d2-91c48d8cb93d}.Debug|Any CPU.ActiveCfg = Debug|Any CPU
		{4998b9d3-efb4-62e0-81d2-91c48d8cb93d}.Debug|Any CPU.Build.0 = Debug|Any CPU
		{94079714-9fd1-1571-64cc-f0a7239e2b0c}.Debug|Any CPU.ActiveCfg = Debug|Any CPU
		{94079714-9fd1-1571-64cc-f0a7239e2b0c}.Debug|Any CPU.Build.0 = Debug|Any CPU
		{a9c08697-a39e-ef5a-a97a-131b5dc9875f}.Debug|Any CPU.ActiveCfg = Debug|Any CPU
		{a9c08697-a39e-ef5a-a97a-131b5dc9875f}.Debug|Any CPU.Build.0 = Debug|Any CPU
		{796060f0-7538-c0d8-d47d-c996b5e3b6d3}.Debug|Any CPU.ActiveCfg = Debug|Any CPU
		{796060f0-7538-c0d8-d47d-c996b5e3b6d3}.Debug|Any CPU.Build.0 = Debug|Any CPU
		{8e92bdd8-11b4-b696-92a8-c6e9729baa9c}.Debug|Any CPU.ActiveCfg = Debug|Any CPU
		{8e92bdd8-11b4-b696-92a8-c6e9729baa9c}.Debug|Any CPU.Build.0 = Debug|Any CPU
		{82e613b5-c954-6557-0538-618ac132aad2}.Debug|Any CPU.ActiveCfg = Debug|Any CPU
		{82e613b5-c954-6557-0538-618ac132aad2}.Debug|Any CPU.Build.0 = Debug|Any CPU
		{db52b6d2-8b4e-9ef7-383f-a57a96f4d7ea}.Debug|Any CPU.ActiveCfg = Debug|Any CPU
		{db52b6d2-8b4e-9ef7-383f-a57a96f4d7ea}.Debug|Any CPU.Build.0 = Debug|Any CPU
		{f8c1e37c-4fc8-ea6e-15b6-a5a831b5b748}.Debug|Any CPU.ActiveCfg = Debug|Any CPU
		{f8c1e37c-4fc8-ea6e-15b6-a5a831b5b748}.Debug|Any CPU.Build.0 = Debug|Any CPU
		{26fdf29d-6f0d-b057-3857-af0bf655ed3b}.Debug|Any CPU.ActiveCfg = Debug|Any CPU
		{26fdf29d-6f0d-b057-3857-af0bf655ed3b}.Debug|Any CPU.Build.0 = Debug|Any CPU
		{9b7152d8-cdb5-3e5e-4763-e403451d79f9}.Debug|Any CPU.ActiveCfg = Debug|Any CPU
		{9b7152d8-cdb5-3e5e-4763-e403451d79f9}.Debug|Any CPU.Build.0 = Debug|Any CPU
	EndGlobalSection
	GlobalSection(SolutionProperties) = preSolution
		HideSolutionNode = FALSE
	EndGlobalSection
EndGlobal
