# This file was autogenerated by Stack.
# You should not edit this file by hand.
# For more information, please see the documentation at:
#   https://docs.haskellstack.org/en/stable/lock_files

packages:
- completed:
    hackage: hspec-2.7.2@sha256:4758e1af9cf534429cde9f5f6495e5922ad1c05ca5b8344a0a459d320cd1cd28,1692
    pantry-tree:
      size: 532
      sha256: 22da11417d55fe0ae15e8a4fe6e9d4874bb71c11ad5b436bcf48b1f3c9e66664
  original:
    hackage: hspec-2.7.2
- completed:
    hackage: HUnit-1.3.1.2@sha256:edcc602552fb57ca8d3b1d3e82b3c33e202600c4c89610ce59dc5e1c2016b52b,1404
    pantry-tree:
      size: 858
      sha256: d20ffca620142eedcdc26cf43d2668ab90d2f16137e7899dc8910ccd43700dab
  original:
    hackage: HUnit-1.3.1.2
- completed:
    hackage: hspec-core-2.2.0@sha256:af45c00c57a4c2b091d63e08b2b2e8f4b705c08b68aa2fdd950760d29849595c,3386
    pantry-tree:
      size: 2334
      sha256: 65638c5e7627d42469cf7eedb82c2a4901fddb4aaef24da01d8cf5b2c75af0de
  original:
    hackage: hspec-core-2.2.0
- completed:
    hackage: hspec-discover-2.2.0@sha256:59a4ecc841ab008b7c61b0a28ef7188f1939a6311f9a563b2424005345ab79a4,1560
    pantry-tree:
      size: 839
      sha256: b1f076064a99512a327f9306b31cf79aeb7b9e3455a2791e5fc7564748677fb4
  original:
    hackage: hspec-discover-2.2.0
- completed:
    hackage: hspec-expectations-0.7.2@sha256:aec9cd2614edb69642d9ff4e650c8295e96c896d3d18c9b5694298a7775a32f0,1093
    pantry-tree:
      size: 390
      sha256: f9f4d597099515820b943f1a3a2d2437b40c77c880c898736043049f1ab81393
  original:
    hackage: hspec-expectations-0.7.2
snapshots:
- completed:
    size: 492015
    url: https://raw.githubusercontent.com/commercialhaskell/stackage-snapshots/master/lts/15/8.yaml
    sha256: 926bc3d70249dd0ba05277ff00943c0addb35b627cb641752669e7cf771310d0
  original: lts-15.8
